
Microsoft Visual Studio Solution File, Format Version 11.00
# Visual Studio 2010
Project("{FAE04EC0-301F-11D3-BF4B-00C04F79EFBC}") = "RfSuitConnection", "RfSuitLink\RfSuitConnection.csproj", "{4F8244C7-6122-4C50-9F35-4264CAD48122}"
EndProject
Project("{FAE04EC0-301F-11D3-BF4B-00C04F79EFBC}") = "RfSuitConnectionTester", "RfSuitConnectionTester\RfSuitConnectionTester.csproj", "{8E1B5E50-A252-4C4A-B16B-B2FF3CD88AE6}"
EndProject
Project("{FAE04EC0-301F-11D3-BF4B-00C04F79EFBC}") = "RfSuitLogger", "RfSuitLogger\RfSuitLogger.csproj", "{7B0ADA50-FEB7-437D-81A5-9318881EECC6}"
EndProject
Project("{FAE04EC0-301F-11D3-BF4B-00C04F79EFBC}") = "RfSuitLoggerInterfaces", "RfSuitLoggerInterfaces\RfSuitLoggerInterfaces.csproj", "{CBB3583C-7031-4BAB-8401-525C6711B309}"
EndProject
Project("{FAE04EC0-301F-11D3-BF4B-00C04F79EFBC}") = "RfSuitPlayer", "RfSuitPlayer\RfSuitPlayer.csproj", "{2E92F66F-29DC-443D-8DA4-EC8E97BF9E34}"
EndProject
Global
	GlobalSection(SubversionScc) = preSolution
		Svn-Managed = True
		Manager = AnkhSVN - Subversion Support for Visual Studio
	EndGlobalSection
	GlobalSection(SolutionConfigurationPlatforms) = preSolution
		Debug|Any CPU = Debug|Any CPU
		Debug|Mixed Platforms = Debug|Mixed Platforms
		Debug|x86 = Debug|x86
		Release|Any CPU = Release|Any CPU
		Release|Mixed Platforms = Release|Mixed Platforms
		Release|x86 = Release|x86
	EndGlobalSection
	GlobalSection(ProjectConfigurationPlatforms) = postSolution
		{4F8244C7-6122-4C50-9F35-4264CAD48122}.Debug|Any CPU.ActiveCfg = Debug|Any CPU
		{4F8244C7-6122-4C50-9F35-4264CAD48122}.Debug|Any CPU.Build.0 = Debug|Any CPU
		{4F8244C7-6122-4C50-9F35-4264CAD48122}.Debug|Mixed Platforms.ActiveCfg = Debug|Any CPU
		{4F8244C7-6122-4C50-9F35-4264CAD48122}.Debug|Mixed Platforms.Build.0 = Debug|Any CPU
		{4F8244C7-6122-4C50-9F35-4264CAD48122}.Debug|x86.ActiveCfg = Debug|Any CPU
		{4F8244C7-6122-4C50-9F35-4264CAD48122}.Release|Any CPU.ActiveCfg = Release|Any CPU
		{4F8244C7-6122-4C50-9F35-4264CAD48122}.Release|Any CPU.Build.0 = Release|Any CPU
		{4F8244C7-6122-4C50-9F35-4264CAD48122}.Release|Mixed Platforms.ActiveCfg = Release|Any CPU
		{4F8244C7-6122-4C50-9F35-4264CAD48122}.Release|Mixed Platforms.Build.0 = Release|Any CPU
		{4F8244C7-6122-4C50-9F35-4264CAD48122}.Release|x86.ActiveCfg = Release|Any CPU
		{8E1B5E50-A252-4C4A-B16B-B2FF3CD88AE6}.Debug|Any CPU.ActiveCfg = Debug|x86
		{8E1B5E50-A252-4C4A-B16B-B2FF3CD88AE6}.Debug|Mixed Platforms.ActiveCfg = Debug|x86
		{8E1B5E50-A252-4C4A-B16B-B2FF3CD88AE6}.Debug|Mixed Platforms.Build.0 = Debug|x86
		{8E1B5E50-A252-4C4A-B16B-B2FF3CD88AE6}.Debug|x86.ActiveCfg = Debug|x86
		{8E1B5E50-A252-4C4A-B16B-B2FF3CD88AE6}.Debug|x86.Build.0 = Debug|x86
		{8E1B5E50-A252-4C4A-B16B-B2FF3CD88AE6}.Release|Any CPU.ActiveCfg = Release|x86
		{8E1B5E50-A252-4C4A-B16B-B2FF3CD88AE6}.Release|Mixed Platforms.ActiveCfg = Release|x86
		{8E1B5E50-A252-4C4A-B16B-B2FF3CD88AE6}.Release|Mixed Platforms.Build.0 = Release|x86
		{8E1B5E50-A252-4C4A-B16B-B2FF3CD88AE6}.Release|x86.ActiveCfg = Release|x86
		{8E1B5E50-A252-4C4A-B16B-B2FF3CD88AE6}.Release|x86.Build.0 = Release|x86
		{7B0ADA50-FEB7-437D-81A5-9318881EECC6}.Debug|Any CPU.ActiveCfg = Debug|x86
		{7B0ADA50-FEB7-437D-81A5-9318881EECC6}.Debug|Mixed Platforms.ActiveCfg = Debug|x86
		{7B0ADA50-FEB7-437D-81A5-9318881EECC6}.Debug|Mixed Platforms.Build.0 = Debug|x86
		{7B0ADA50-FEB7-437D-81A5-9318881EECC6}.Debug|x86.ActiveCfg = Debug|x86
		{7B0ADA50-FEB7-437D-81A5-9318881EECC6}.Debug|x86.Build.0 = Debug|x86
		{7B0ADA50-FEB7-437D-81A5-9318881EECC6}.Release|Any CPU.ActiveCfg = Release|x86
		{7B0ADA50-FEB7-437D-81A5-9318881EECC6}.Release|Mixed Platforms.ActiveCfg = Release|x86
		{7B0ADA50-FEB7-437D-81A5-9318881EECC6}.Release|Mixed Platforms.Build.0 = Release|x86
		{7B0ADA50-FEB7-437D-81A5-9318881EECC6}.Release|x86.ActiveCfg = Release|x86
		{7B0ADA50-FEB7-437D-81A5-9318881EECC6}.Release|x86.Build.0 = Release|x86
		{CBB3583C-7031-4BAB-8401-525C6711B309}.Debug|Any CPU.ActiveCfg = Debug|Any CPU
		{CBB3583C-7031-4BAB-8401-525C6711B309}.Debug|Any CPU.Build.0 = Debug|Any CPU
		{CBB3583C-7031-4BAB-8401-525C6711B309}.Debug|Mixed Platforms.ActiveCfg = Debug|Any CPU
		{CBB3583C-7031-4BAB-8401-525C6711B309}.Debug|Mixed Platforms.Build.0 = Debug|Any CPU
		{CBB3583C-7031-4BAB-8401-525C6711B309}.Debug|x86.ActiveCfg = Debug|Any CPU
		{CBB3583C-7031-4BAB-8401-525C6711B309}.Release|Any CPU.ActiveCfg = Release|Any CPU
		{CBB3583C-7031-4BAB-8401-525C6711B309}.Release|Any CPU.Build.0 = Release|Any CPU
		{CBB3583C-7031-4BAB-8401-525C6711B309}.Release|Mixed Platforms.ActiveCfg = Release|Any CPU
		{CBB3583C-7031-4BAB-8401-525C6711B309}.Release|Mixed Platforms.Build.0 = Release|Any CPU
		{CBB3583C-7031-4BAB-8401-525C6711B309}.Release|x86.ActiveCfg = Release|Any CPU
		{2E92F66F-29DC-443D-8DA4-EC8E97BF9E34}.Debug|Any CPU.ActiveCfg = Debug|x86
		{2E92F66F-29DC-443D-8DA4-EC8E97BF9E34}.Debug|Mixed Platforms.ActiveCfg = Debug|x86
		{2E92F66F-29DC-443D-8DA4-EC8E97BF9E34}.Debug|Mixed Platforms.Build.0 = Debug|x86
		{2E92F66F-29DC-443D-8DA4-EC8E97BF9E34}.Debug|x86.ActiveCfg = Debug|x86
		{2E92F66F-29DC-443D-8DA4-EC8E97BF9E34}.Debug|x86.Build.0 = Debug|x86
		{2E92F66F-29DC-443D-8DA4-EC8E97BF9E34}.Release|Any CPU.ActiveCfg = Release|x86
		{2E92F66F-29DC-443D-8DA4-EC8E97BF9E34}.Release|Mixed Platforms.ActiveCfg = Release|x86
		{2E92F66F-29DC-443D-8DA4-EC8E97BF9E34}.Release|Mixed Platforms.Build.0 = Release|x86
		{2E92F66F-29DC-443D-8DA4-EC8E97BF9E34}.Release|x86.ActiveCfg = Release|x86
		{2E92F66F-29DC-443D-8DA4-EC8E97BF9E34}.Release|x86.Build.0 = Release|x86
	EndGlobalSection
	GlobalSection(SolutionProperties) = preSolution
		HideSolutionNode = FALSE
	EndGlobalSection
EndGlobal
